
Microsoft Visual Studio Solution File, Format Version 12.00
# Visual Studio Version 16
VisualStudioVersion = 16.0.29123.88
MinimumVisualStudioVersion = 10.0.40219.1
Project("{9092AA53-FB77-4645-B42D-1CCCA6BD08BD}") = "Chilligames_server_side", "Chilligames_server_side.njsproj", "{1AA12AF2-993D-4608-98D1-77FF1FF2BED8}"
EndProject
Global
	GlobalSection(SolutionConfigurationPlatforms) = preSolution
		Debug|Any CPU = Debug|Any CPU
		Release|Any CPU = Release|Any CPU
	EndGlobalSection
	GlobalSection(ProjectConfigurationPlatforms) = postSolution
		{1AA12AF2-993D-4608-98D1-77FF1FF2BED8}.Debug|Any CPU.ActiveCfg = Debug|Any CPU
		{1AA12AF2-993D-4608-98D1-77FF1FF2BED8}.Debug|Any CPU.Build.0 = Debug|Any CPU
		{1AA12AF2-993D-4608-98D1-77FF1FF2BED8}.Release|Any CPU.ActiveCfg = Release|Any CPU
		{1AA12AF2-993D-4608-98D1-77FF1FF2BED8}.Release|Any CPU.Build.0 = Release|Any CPU
	EndGlobalSection
	GlobalSection(SolutionProperties) = preSolution
		HideSolutionNode = FALSE
	EndGlobalSection
	GlobalSection(ExtensibilityGlobals) = postSolution
		SolutionGuid = {F4032919-383A-4C06-BFDC-A5F0464121B4}
	EndGlobalSection
EndGlobal
